{
  "object": {
    "pins": [
      {
        "package": "CornucopiaStreams",
        "repositoryURL": "https://github.com/leisurehound/CornucopiaStreams.git",
        "state": {
          "branch": "master",
          "revision": "b9352094776aedaf50d25c61d90fc169ac738e37",
          "version": null
        }
      }
    ]
  },
  "version": 1
}
