{
  "object": {
    "pins": [
      {
        "package": "CornucopiaStreams",
        "repositoryURL": "https://github.com/Cornucopia-Swift/CornucopiaStreams.git",
        "state": {
          "branch": "issue/1/hasBytesAvailable",
          "revision": "bb9b2ce8614bfdeff77d5bbbef891fab2551b855",
          "version": null
        }
      }
    ]
  },
  "version": 1
}
